
Microsoft Visual Studio Solution File, Format Version 12.00
# Visual Studio 14
VisualStudioVersion = 14.0.25123.0
MinimumVisualStudioVersion = 10.0.40219.1
Project("{FAE04EC0-301F-11D3-BF4B-00C04F79EFBC}") = "BasicSample", "1-BasicSample\BasicSample.csproj", "{14BE048A-0C7E-4A63-801D-F0E06F2F66A3}"
EndProject
Project("{FAE04EC0-301F-11D3-BF4B-00C04F79EFBC}") = "Server", "Server\Server.csproj", "{A0C0152C-CE1D-4DDF-A28A-7BDAD87003EB}"
EndProject
Project("{FAE04EC0-301F-11D3-BF4B-00C04F79EFBC}") = "DXServer", "DXServer\DXServer.csproj", "{6C10A1D8-C1A0-49D7-92C8-36FD3C393E96}"
EndProject
Global
	GlobalSection(SolutionConfigurationPlatforms) = preSolution
		Debug|Any CPU = Debug|Any CPU
		Release|Any CPU = Release|Any CPU
	EndGlobalSection
	GlobalSection(ProjectConfigurationPlatforms) = postSolution
		{14BE048A-0C7E-4A63-801D-F0E06F2F66A3}.Debug|Any CPU.ActiveCfg = Debug|Any CPU
		{14BE048A-0C7E-4A63-801D-F0E06F2F66A3}.Debug|Any CPU.Build.0 = Debug|Any CPU
		{14BE048A-0C7E-4A63-801D-F0E06F2F66A3}.Release|Any CPU.ActiveCfg = Release|Any CPU
		{14BE048A-0C7E-4A63-801D-F0E06F2F66A3}.Release|Any CPU.Build.0 = Release|Any CPU
		{A0C0152C-CE1D-4DDF-A28A-7BDAD87003EB}.Debug|Any CPU.ActiveCfg = Debug|Any CPU
		{A0C0152C-CE1D-4DDF-A28A-7BDAD87003EB}.Debug|Any CPU.Build.0 = Debug|Any CPU
		{A0C0152C-CE1D-4DDF-A28A-7BDAD87003EB}.Release|Any CPU.ActiveCfg = Release|Any CPU
		{A0C0152C-CE1D-4DDF-A28A-7BDAD87003EB}.Release|Any CPU.Build.0 = Release|Any CPU
		{6C10A1D8-C1A0-49D7-92C8-36FD3C393E96}.Debug|Any CPU.ActiveCfg = Debug|Any CPU
		{6C10A1D8-C1A0-49D7-92C8-36FD3C393E96}.Debug|Any CPU.Build.0 = Debug|Any CPU
		{6C10A1D8-C1A0-49D7-92C8-36FD3C393E96}.Release|Any CPU.ActiveCfg = Release|Any CPU
		{6C10A1D8-C1A0-49D7-92C8-36FD3C393E96}.Release|Any CPU.Build.0 = Release|Any CPU
	EndGlobalSection
	GlobalSection(SolutionProperties) = preSolution
		HideSolutionNode = FALSE
	EndGlobalSection
EndGlobal
